
Microsoft Visual Studio Solution File, Format Version 12.00
# Visual Studio 15
VisualStudioVersion = 15.0.28307.489
MinimumVisualStudioVersion = 10.0.40219.1
Project("{2150E333-8FDC-42A3-9474-1A3956D46DE8}") = "Aspnet", "Aspnet", "{7FDCA56E-6943-478D-A37E-E3372B2885AD}"
EndProject
Project("{2150E333-8FDC-42A3-9474-1A3956D46DE8}") = "Web", "Web", "{F3281C97-9E06-4A48-90A3-79317517F832}"
EndProject
Project("{2150E333-8FDC-42A3-9474-1A3956D46DE8}") = "Api", "Api", "{020C899A-1EC5-4CD2-AB93-22AB1F83CC74}"
EndProject
Project("{2150E333-8FDC-42A3-9474-1A3956D46DE8}") = "AspnetCore", "AspnetCore", "{8B160712-66FA-4C48-A903-356C0D389870}"
EndProject
Project("{2150E333-8FDC-42A3-9474-1A3956D46DE8}") = "Web", "Web", "{BFAB8310-4190-4622-900D-71C81A26E87B}"
EndProject
Project("{2150E333-8FDC-42A3-9474-1A3956D46DE8}") = "Api", "Api", "{2E11FDA9-E817-40A4-AE88-BE28D11C2F96}"
EndProject
Project("{9A19103F-16F7-4668-BE54-9A1E7A4F7556}") = "AspnetCore.Web.Sample", "AspnetCore.Web\AspnetCore.Web.Sample\AspnetCore.Web.Sample.csproj", "{7DCD847F-3809-4C94-AF09-49217A913C5C}"
EndProject
Project("{9A19103F-16F7-4668-BE54-9A1E7A4F7556}") = "AspnetCore.Api.Sample", "AspnetCore.Api\AspnetCore.Api.Sample\AspnetCore.Api.Sample.csproj", "{2AFF707E-177E-47D8-B919-8732898A4BCB}"
EndProject
Project("{9A19103F-16F7-4668-BE54-9A1E7A4F7556}") = "AspnetCore.Web.Sample.Tests", "AspnetCore.Web\AspnetCore.Web.Sample.Tests\AspnetCore.Web.Sample.Tests.csproj", "{D516155A-418B-472D-8893-CA9F8C146169}"
EndProject
Project("{9A19103F-16F7-4668-BE54-9A1E7A4F7556}") = "AspnetCore.Api.Sample.Tests", "AspnetCore.Api\AspnetCore.Api.Sample.Tests\AspnetCore.Api.Sample.Tests.csproj", "{F2962E1E-7758-4083-9A49-715788327522}"
EndProject
Project("{FAE04EC0-301F-11D3-BF4B-00C04F79EFBC}") = "Aspnet.Web.Model", "Aspnet.Web\Aspnet.Web.Model\Aspnet.Web.Model.csproj", "{CA05BE05-80AC-467B-8FD2-02785A026127}"
EndProject
Project("{FAE04EC0-301F-11D3-BF4B-00C04F79EFBC}") = "Aspnet.Web.DAL", "Aspnet.Web\Aspnet.Web.DAL\Aspnet.Web.DAL.csproj", "{B3A1D390-386A-4076-A2F0-7BC4260CFDDD}"
EndProject
Project("{FAE04EC0-301F-11D3-BF4B-00C04F79EFBC}") = "Aspnet.Web.BLL", "Aspnet.Web\Aspnet.Web.BLL\Aspnet.Web.BLL.csproj", "{314CDEE9-7790-46B6-B1C6-335B518FC2AE}"
EndProject
Project("{FAE04EC0-301F-11D3-BF4B-00C04F79EFBC}") = "Aspnet.Web.Common", "Aspnet.Web\Aspnet.Web.Common\Aspnet.Web.Common.csproj", "{8861058C-35C2-4239-997C-ACA70D3BB5CC}"
EndProject
Project("{FAE04EC0-301F-11D3-BF4B-00C04F79EFBC}") = "Aspnet.Api.Domain", "Aspnet.Api\Aspnet.Api.Domain\Aspnet.Api.Domain.csproj", "{57690D1B-AF06-44F4-9C16-CB996E1D370A}"
EndProject
Project("{FAE04EC0-301F-11D3-BF4B-00C04F79EFBC}") = "Aspnet.Api.Infrastructure", "Aspnet.Api\Aspnet.Api.Infrastructure\Aspnet.Api.Infrastructure.csproj", "{7662FE07-1797-4DB1-9E33-B7C0F3A70EA1}"
EndProject
Project("{FAE04EC0-301F-11D3-BF4B-00C04F79EFBC}") = "Aspnet.Api.Application", "Aspnet.Api\Aspnet.Api.Application\Aspnet.Api.Application.csproj", "{7BE14DC2-1D30-4AF5-BEF5-B4EEE6324068}"
EndProject
Project("{FAE04EC0-301F-11D3-BF4B-00C04F79EFBC}") = "Aspnet.Api.Common", "Aspnet.Api\Aspnet.Api.Common\Aspnet.Api.Common.csproj", "{6C76BE05-0265-4813-91F7-10ACBED2D27E}"
EndProject
Project("{FAE04EC0-301F-11D3-BF4B-00C04F79EFBC}") = "Aspnet.Api.Persistence", "Aspnet.Api\Aspnet.Api.Persistence\Aspnet.Api.Persistence.csproj", "{B295B32A-0E9C-465C-BF9D-D3B50B913143}"
EndProject
Project("{2150E333-8FDC-42A3-9474-1A3956D46DE8}") = "Common", "Common", "{F35B7F57-C41B-4CBA-BF1C-814BE71D3B81}"
EndProject
Project("{2150E333-8FDC-42A3-9474-1A3956D46DE8}") = "Core", "Core", "{EC054CC6-B367-4FED-ADB6-1947877D9210}"
EndProject
Project("{2150E333-8FDC-42A3-9474-1A3956D46DE8}") = "Infrastructure", "Infrastructure", "{EBE238E4-E244-4759-B1B4-B20434281739}"
EndProject
Project("{2150E333-8FDC-42A3-9474-1A3956D46DE8}") = "Tests", "Tests", "{85780C22-A777-4A15-8420-12DF93D8251C}"
EndProject
Project("{2150E333-8FDC-42A3-9474-1A3956D46DE8}") = "Presentation", "Presentation", "{075A9CFC-40D5-43DA-91DE-8848E5DD3C1F}"
EndProject
Project("{FAE04EC0-301F-11D3-BF4B-00C04F79EFBC}") = "Aspnet.Web.Sample", "Aspnet.Web\Aspnet.Web.Sample\Aspnet.Web.Sample.csproj", "{291FF1EE-779D-49D6-8674-7AB143DAF7DD}"
EndProject
Project("{FAE04EC0-301F-11D3-BF4B-00C04F79EFBC}") = "Aspnet.Web.Sample.Tests", "Aspnet.Web\Aspnet.Web.Sample.Tests\Aspnet.Web.Sample.Tests.csproj", "{C641C0A6-B60C-467E-98ED-59E82D0B36A3}"
EndProject
Project("{FAE04EC0-301F-11D3-BF4B-00C04F79EFBC}") = "Aspnet.Api.Sample", "Aspnet.Api\Aspnet.Api.Sample\Aspnet.Api.Sample.csproj", "{7D41DE63-4AFA-4C9B-9E8A-D16D486EC1B4}"
EndProject
Project("{FAE04EC0-301F-11D3-BF4B-00C04F79EFBC}") = "Aspnet.Api.Sample.Tests", "Aspnet.Api\Aspnet.Api.Sample.Tests\Aspnet.Api.Sample.Tests.csproj", "{A5F0DD02-5A20-4C9D-B33C-447176406EB7}"
EndProject
Global
	GlobalSection(SolutionConfigurationPlatforms) = preSolution
		Debug|Any CPU = Debug|Any CPU
		Release|Any CPU = Release|Any CPU
	EndGlobalSection
	GlobalSection(ProjectConfigurationPlatforms) = postSolution
		{7DCD847F-3809-4C94-AF09-49217A913C5C}.Debug|Any CPU.ActiveCfg = Debug|Any CPU
		{7DCD847F-3809-4C94-AF09-49217A913C5C}.Debug|Any CPU.Build.0 = Debug|Any CPU
		{7DCD847F-3809-4C94-AF09-49217A913C5C}.Release|Any CPU.ActiveCfg = Release|Any CPU
		{7DCD847F-3809-4C94-AF09-49217A913C5C}.Release|Any CPU.Build.0 = Release|Any CPU
		{2AFF707E-177E-47D8-B919-8732898A4BCB}.Debug|Any CPU.ActiveCfg = Debug|Any CPU
		{2AFF707E-177E-47D8-B919-8732898A4BCB}.Debug|Any CPU.Build.0 = Debug|Any CPU
		{2AFF707E-177E-47D8-B919-8732898A4BCB}.Release|Any CPU.ActiveCfg = Release|Any CPU
		{2AFF707E-177E-47D8-B919-8732898A4BCB}.Release|Any CPU.Build.0 = Release|Any CPU
		{D516155A-418B-472D-8893-CA9F8C146169}.Debug|Any CPU.ActiveCfg = Debug|Any CPU
		{D516155A-418B-472D-8893-CA9F8C146169}.Debug|Any CPU.Build.0 = Debug|Any CPU
		{D516155A-418B-472D-8893-CA9F8C146169}.Release|Any CPU.ActiveCfg = Release|Any CPU
		{D516155A-418B-472D-8893-CA9F8C146169}.Release|Any CPU.Build.0 = Release|Any CPU
		{F2962E1E-7758-4083-9A49-715788327522}.Debug|Any CPU.ActiveCfg = Debug|Any CPU
		{F2962E1E-7758-4083-9A49-715788327522}.Debug|Any CPU.Build.0 = Debug|Any CPU
		{F2962E1E-7758-4083-9A49-715788327522}.Release|Any CPU.ActiveCfg = Release|Any CPU
		{F2962E1E-7758-4083-9A49-715788327522}.Release|Any CPU.Build.0 = Release|Any CPU
		{CA05BE05-80AC-467B-8FD2-02785A026127}.Debug|Any CPU.ActiveCfg = Debug|Any CPU
		{CA05BE05-80AC-467B-8FD2-02785A026127}.Debug|Any CPU.Build.0 = Debug|Any CPU
		{CA05BE05-80AC-467B-8FD2-02785A026127}.Release|Any CPU.ActiveCfg = Release|Any CPU
		{CA05BE05-80AC-467B-8FD2-02785A026127}.Release|Any CPU.Build.0 = Release|Any CPU
		{B3A1D390-386A-4076-A2F0-7BC4260CFDDD}.Debug|Any CPU.ActiveCfg = Debug|Any CPU
		{B3A1D390-386A-4076-A2F0-7BC4260CFDDD}.Debug|Any CPU.Build.0 = Debug|Any CPU
		{B3A1D390-386A-4076-A2F0-7BC4260CFDDD}.Release|Any CPU.ActiveCfg = Release|Any CPU
		{B3A1D390-386A-4076-A2F0-7BC4260CFDDD}.Release|Any CPU.Build.0 = Release|Any CPU
		{314CDEE9-7790-46B6-B1C6-335B518FC2AE}.Debug|Any CPU.ActiveCfg = Debug|Any CPU
		{314CDEE9-7790-46B6-B1C6-335B518FC2AE}.Debug|Any CPU.Build.0 = Debug|Any CPU
		{314CDEE9-7790-46B6-B1C6-335B518FC2AE}.Release|Any CPU.ActiveCfg = Release|Any CPU
		{314CDEE9-7790-46B6-B1C6-335B518FC2AE}.Release|Any CPU.Build.0 = Release|Any CPU
		{8861058C-35C2-4239-997C-ACA70D3BB5CC}.Debug|Any CPU.ActiveCfg = Debug|Any CPU
		{8861058C-35C2-4239-997C-ACA70D3BB5CC}.Debug|Any CPU.Build.0 = Debug|Any CPU
		{8861058C-35C2-4239-997C-ACA70D3BB5CC}.Release|Any CPU.ActiveCfg = Release|Any CPU
		{8861058C-35C2-4239-997C-ACA70D3BB5CC}.Release|Any CPU.Build.0 = Release|Any CPU
		{57690D1B-AF06-44F4-9C16-CB996E1D370A}.Debug|Any CPU.ActiveCfg = Debug|Any CPU
		{57690D1B-AF06-44F4-9C16-CB996E1D370A}.Debug|Any CPU.Build.0 = Debug|Any CPU
		{57690D1B-AF06-44F4-9C16-CB996E1D370A}.Release|Any CPU.ActiveCfg = Release|Any CPU
		{57690D1B-AF06-44F4-9C16-CB996E1D370A}.Release|Any CPU.Build.0 = Release|Any CPU
		{7662FE07-1797-4DB1-9E33-B7C0F3A70EA1}.Debug|Any CPU.ActiveCfg = Debug|Any CPU
		{7662FE07-1797-4DB1-9E33-B7C0F3A70EA1}.Debug|Any CPU.Build.0 = Debug|Any CPU
		{7662FE07-1797-4DB1-9E33-B7C0F3A70EA1}.Release|Any CPU.ActiveCfg = Release|Any CPU
		{7662FE07-1797-4DB1-9E33-B7C0F3A70EA1}.Release|Any CPU.Build.0 = Release|Any CPU
		{7BE14DC2-1D30-4AF5-BEF5-B4EEE6324068}.Debug|Any CPU.ActiveCfg = Debug|Any CPU
		{7BE14DC2-1D30-4AF5-BEF5-B4EEE6324068}.Debug|Any CPU.Build.0 = Debug|Any CPU
		{7BE14DC2-1D30-4AF5-BEF5-B4EEE6324068}.Release|Any CPU.ActiveCfg = Release|Any CPU
		{7BE14DC2-1D30-4AF5-BEF5-B4EEE6324068}.Release|Any CPU.Build.0 = Release|Any CPU
		{6C76BE05-0265-4813-91F7-10ACBED2D27E}.Debug|Any CPU.ActiveCfg = Debug|Any CPU
		{6C76BE05-0265-4813-91F7-10ACBED2D27E}.Debug|Any CPU.Build.0 = Debug|Any CPU
		{6C76BE05-0265-4813-91F7-10ACBED2D27E}.Release|Any CPU.ActiveCfg = Release|Any CPU
		{6C76BE05-0265-4813-91F7-10ACBED2D27E}.Release|Any CPU.Build.0 = Release|Any CPU
		{B295B32A-0E9C-465C-BF9D-D3B50B913143}.Debug|Any CPU.ActiveCfg = Debug|Any CPU
		{B295B32A-0E9C-465C-BF9D-D3B50B913143}.Debug|Any CPU.Build.0 = Debug|Any CPU
		{B295B32A-0E9C-465C-BF9D-D3B50B913143}.Release|Any CPU.ActiveCfg = Release|Any CPU
		{B295B32A-0E9C-465C-BF9D-D3B50B913143}.Release|Any CPU.Build.0 = Release|Any CPU
		{291FF1EE-779D-49D6-8674-7AB143DAF7DD}.Debug|Any CPU.ActiveCfg = Debug|Any CPU
		{291FF1EE-779D-49D6-8674-7AB143DAF7DD}.Debug|Any CPU.Build.0 = Debug|Any CPU
		{291FF1EE-779D-49D6-8674-7AB143DAF7DD}.Release|Any CPU.ActiveCfg = Release|Any CPU
		{291FF1EE-779D-49D6-8674-7AB143DAF7DD}.Release|Any CPU.Build.0 = Release|Any CPU
		{C641C0A6-B60C-467E-98ED-59E82D0B36A3}.Debug|Any CPU.ActiveCfg = Debug|Any CPU
		{C641C0A6-B60C-467E-98ED-59E82D0B36A3}.Debug|Any CPU.Build.0 = Debug|Any CPU
		{C641C0A6-B60C-467E-98ED-59E82D0B36A3}.Release|Any CPU.ActiveCfg = Release|Any CPU
		{C641C0A6-B60C-467E-98ED-59E82D0B36A3}.Release|Any CPU.Build.0 = Release|Any CPU
		{7D41DE63-4AFA-4C9B-9E8A-D16D486EC1B4}.Debug|Any CPU.ActiveCfg = Debug|Any CPU
		{7D41DE63-4AFA-4C9B-9E8A-D16D486EC1B4}.Debug|Any CPU.Build.0 = Debug|Any CPU
		{7D41DE63-4AFA-4C9B-9E8A-D16D486EC1B4}.Release|Any CPU.ActiveCfg = Release|Any CPU
		{7D41DE63-4AFA-4C9B-9E8A-D16D486EC1B4}.Release|Any CPU.Build.0 = Release|Any CPU
		{A5F0DD02-5A20-4C9D-B33C-447176406EB7}.Debug|Any CPU.ActiveCfg = Debug|Any CPU
		{A5F0DD02-5A20-4C9D-B33C-447176406EB7}.Debug|Any CPU.Build.0 = Debug|Any CPU
		{A5F0DD02-5A20-4C9D-B33C-447176406EB7}.Release|Any CPU.ActiveCfg = Release|Any CPU
		{A5F0DD02-5A20-4C9D-B33C-447176406EB7}.Release|Any CPU.Build.0 = Release|Any CPU
	EndGlobalSection
	GlobalSection(SolutionProperties) = preSolution
		HideSolutionNode = FALSE
	EndGlobalSection
	GlobalSection(NestedProjects) = preSolution
		{F3281C97-9E06-4A48-90A3-79317517F832} = {7FDCA56E-6943-478D-A37E-E3372B2885AD}
		{020C899A-1EC5-4CD2-AB93-22AB1F83CC74} = {7FDCA56E-6943-478D-A37E-E3372B2885AD}
		{BFAB8310-4190-4622-900D-71C81A26E87B} = {8B160712-66FA-4C48-A903-356C0D389870}
		{2E11FDA9-E817-40A4-AE88-BE28D11C2F96} = {8B160712-66FA-4C48-A903-356C0D389870}
		{7DCD847F-3809-4C94-AF09-49217A913C5C} = {BFAB8310-4190-4622-900D-71C81A26E87B}
		{2AFF707E-177E-47D8-B919-8732898A4BCB} = {2E11FDA9-E817-40A4-AE88-BE28D11C2F96}
		{D516155A-418B-472D-8893-CA9F8C146169} = {BFAB8310-4190-4622-900D-71C81A26E87B}
		{F2962E1E-7758-4083-9A49-715788327522} = {2E11FDA9-E817-40A4-AE88-BE28D11C2F96}
		{CA05BE05-80AC-467B-8FD2-02785A026127} = {F3281C97-9E06-4A48-90A3-79317517F832}
		{B3A1D390-386A-4076-A2F0-7BC4260CFDDD} = {F3281C97-9E06-4A48-90A3-79317517F832}
		{314CDEE9-7790-46B6-B1C6-335B518FC2AE} = {F3281C97-9E06-4A48-90A3-79317517F832}
		{8861058C-35C2-4239-997C-ACA70D3BB5CC} = {F3281C97-9E06-4A48-90A3-79317517F832}
		{57690D1B-AF06-44F4-9C16-CB996E1D370A} = {EC054CC6-B367-4FED-ADB6-1947877D9210}
		{7662FE07-1797-4DB1-9E33-B7C0F3A70EA1} = {EBE238E4-E244-4759-B1B4-B20434281739}
		{7BE14DC2-1D30-4AF5-BEF5-B4EEE6324068} = {EC054CC6-B367-4FED-ADB6-1947877D9210}
		{6C76BE05-0265-4813-91F7-10ACBED2D27E} = {F35B7F57-C41B-4CBA-BF1C-814BE71D3B81}
		{B295B32A-0E9C-465C-BF9D-D3B50B913143} = {EBE238E4-E244-4759-B1B4-B20434281739}
		{F35B7F57-C41B-4CBA-BF1C-814BE71D3B81} = {020C899A-1EC5-4CD2-AB93-22AB1F83CC74}
		{EC054CC6-B367-4FED-ADB6-1947877D9210} = {020C899A-1EC5-4CD2-AB93-22AB1F83CC74}
		{EBE238E4-E244-4759-B1B4-B20434281739} = {020C899A-1EC5-4CD2-AB93-22AB1F83CC74}
		{85780C22-A777-4A15-8420-12DF93D8251C} = {020C899A-1EC5-4CD2-AB93-22AB1F83CC74}
		{075A9CFC-40D5-43DA-91DE-8848E5DD3C1F} = {020C899A-1EC5-4CD2-AB93-22AB1F83CC74}
		{291FF1EE-779D-49D6-8674-7AB143DAF7DD} = {F3281C97-9E06-4A48-90A3-79317517F832}
		{C641C0A6-B60C-467E-98ED-59E82D0B36A3} = {F3281C97-9E06-4A48-90A3-79317517F832}
		{7D41DE63-4AFA-4C9B-9E8A-D16D486EC1B4} = {075A9CFC-40D5-43DA-91DE-8848E5DD3C1F}
		{A5F0DD02-5A20-4C9D-B33C-447176406EB7} = {85780C22-A777-4A15-8420-12DF93D8251C}
	EndGlobalSection
	GlobalSection(ExtensibilityGlobals) = postSolution
		SolutionGuid = {086CFB3E-0090-46FC-AA46-04D69791A118}
	EndGlobalSection
EndGlobal
